
Microsoft Visual Studio Solution File, Format Version 12.00
# Visual Studio Version 16
VisualStudioVersion = 16.0.30320.27
MinimumVisualStudioVersion = 10.0.40219.1
Project("{9A19103F-16F7-4668-BE54-9A1E7A4F7556}") = "SDMS.B2CWebApp", "SDMS.B2CWebApp\SDMS.B2CWebApp.csproj", "{D38CC126-F09C-460A-8D26-DCDDBB010285}"
EndProject
Project("{9A19103F-16F7-4668-BE54-9A1E7A4F7556}") = "SDMS.B2BWebApp", "SDMS.B2BWebApp\SDMS.B2BWebApp.csproj", "{95B0F648-6A14-4D11-A201-D08D45BC90B5}"
EndProject
Project("{9A19103F-16F7-4668-BE54-9A1E7A4F7556}") = "SDMS.BackOfficeWebApp", "SDMS.BackOfficeWebApp\SDMS.BackOfficeWebApp.csproj", "{3B4EACF8-60E0-4FAB-BC44-E97719C425D8}"
EndProject
Project("{9A19103F-16F7-4668-BE54-9A1E7A4F7556}") = "SDMS.DeliveryPartnerWebApp", "SDMS.DeliveryPartnerWebApp\SDMS.DeliveryPartnerWebApp.csproj", "{7A58CEE8-5C4E-4D41-B33F-9639BDF441F4}"
EndProject
Project("{9A19103F-16F7-4668-BE54-9A1E7A4F7556}") = "SDMS.VendorWebApp", "SDMS.VendorWebApp\SDMS.VendorWebApp.csproj", "{01E932CC-E1D9-4652-89E0-D6350FF87453}"
EndProject
Project("{9A19103F-16F7-4668-BE54-9A1E7A4F7556}") = "SDMS.GatewayApi", "SDMS.GatewayApi\SDMS.GatewayApi.csproj", "{249DD781-A219-43A9-AF44-08A90F9D214E}"
EndProject
Project("{9A19103F-16F7-4668-BE54-9A1E7A4F7556}") = "SDMS.CatalogApi", "SDMS.CatalogApi\SDMS.CatalogApi.csproj", "{28CB59B0-4EAB-4BFF-BECE-B3CFAEEB60D2}"
EndProject
Project("{9A19103F-16F7-4668-BE54-9A1E7A4F7556}") = "SDMS.AuthenticationApi", "SDMS.AuthenticationApi\SDMS.AuthenticationApi.csproj", "{0AE97210-DE32-4C5A-B6D4-7A87E145653F}"
EndProject
Project("{9A19103F-16F7-4668-BE54-9A1E7A4F7556}") = "SDMS.DL.MySql", "SDMS.DL.MySql\SDMS.DL.MySql.csproj", "{CDB2EECB-22D3-42B4-ADB7-6CE754B23450}"
EndProject
Project("{9A19103F-16F7-4668-BE54-9A1E7A4F7556}") = "SDMS.BL.Common", "SDMS.BL.Common\SDMS.BL.Common.csproj", "{0DA74E84-88E4-4233-AD54-BD2075FFE3C2}"
EndProject
Project("{9A19103F-16F7-4668-BE54-9A1E7A4F7556}") = "SDMS.Models", "SDMS.Models\SDMS.Models.csproj", "{91BFE717-3A6F-4B2B-B73D-584C91452A69}"
EndProject
Project("{9A19103F-16F7-4668-BE54-9A1E7A4F7556}") = "SDMS.ViewModels", "SDMS.ViewModels\SDMS.ViewModels.csproj", "{B91284A3-1510-4638-9D8B-24E59CDC91EF}"
EndProject
Project("{9A19103F-16F7-4668-BE54-9A1E7A4F7556}") = "ClientAppLibrary", "ClientAppLibrary\ClientAppLibrary.csproj", "{19181C75-EFB8-4280-860B-A164D10342FE}"
EndProject
Project("{9A19103F-16F7-4668-BE54-9A1E7A4F7556}") = "SDMS.Common.Infra", "SDMS.Common.Infra\SDMS.Common.Infra.csproj", "{DCE6AAE2-4391-42DD-838A-D4445F3F6D21}"
EndProject
Project("{9A19103F-16F7-4668-BE54-9A1E7A4F7556}") = "SDMS.DL.MongoDB", "SDMS.DL.MongoDB\SDMS.DL.MongoDB.csproj", "{6E052636-91AA-4DE6-8AF4-A7AFBC9EB89F}"
EndProject
Project("{9A19103F-16F7-4668-BE54-9A1E7A4F7556}") = "SDMS.DL.PostgreSQL", "SDMS.DL.PostgreSQL\SDMS.DL.PostgreSQL.csproj", "{0EC88633-84C2-4A40-A326-F80ED454571A}"
EndProject
Project("{9A19103F-16F7-4668-BE54-9A1E7A4F7556}") = "SDMS.DL.FerretDB", "SDMS.DL.FerretDB\SDMS.DL.FerretDB.csproj", "{C165C840-22C2-45AB-9DB4-3A480AC4A8B7}"
EndProject
Project("{9A19103F-16F7-4668-BE54-9A1E7A4F7556}") = "SDMS.AuthenticationWebApp", "SDMS.AuthenticationWebApp\SDMS.AuthenticationWebApp.csproj", "{1D72EC62-07ED-415E-8AA7-6EB4EC295D7C}"
EndProject
Project("{FAE04EC0-301F-11D3-BF4B-00C04F79EFBC}") = "SDMS.ContentManagementApi", "SDMS.ContentManagementApi\SDMS.ContentManagementApi.csproj", "{53E52472-2BB9-4E3A-BC5F-DDBAF6DFBA4A}"
EndProject
Project("{FAE04EC0-301F-11D3-BF4B-00C04F79EFBC}") = "SDMS.ContentManagementApi.BL", "SDMS.ContentManagementApi.BL\SDMS.ContentManagementApi.BL.csproj", "{785ABE8A-85B5-4E33-9838-0FADCBBCAEFF}"
EndProject
Global
	GlobalSection(SolutionConfigurationPlatforms) = preSolution
		Debug|Any CPU = Debug|Any CPU
		Release|Any CPU = Release|Any CPU
	EndGlobalSection
	GlobalSection(ProjectConfigurationPlatforms) = postSolution
		{D38CC126-F09C-460A-8D26-DCDDBB010285}.Debug|Any CPU.ActiveCfg = Debug|Any CPU
		{D38CC126-F09C-460A-8D26-DCDDBB010285}.Debug|Any CPU.Build.0 = Debug|Any CPU
		{D38CC126-F09C-460A-8D26-DCDDBB010285}.Release|Any CPU.ActiveCfg = Release|Any CPU
		{D38CC126-F09C-460A-8D26-DCDDBB010285}.Release|Any CPU.Build.0 = Release|Any CPU
		{95B0F648-6A14-4D11-A201-D08D45BC90B5}.Debug|Any CPU.ActiveCfg = Debug|Any CPU
		{95B0F648-6A14-4D11-A201-D08D45BC90B5}.Debug|Any CPU.Build.0 = Debug|Any CPU
		{95B0F648-6A14-4D11-A201-D08D45BC90B5}.Release|Any CPU.ActiveCfg = Release|Any CPU
		{95B0F648-6A14-4D11-A201-D08D45BC90B5}.Release|Any CPU.Build.0 = Release|Any CPU
		{3B4EACF8-60E0-4FAB-BC44-E97719C425D8}.Debug|Any CPU.ActiveCfg = Debug|Any CPU
		{3B4EACF8-60E0-4FAB-BC44-E97719C425D8}.Debug|Any CPU.Build.0 = Debug|Any CPU
		{3B4EACF8-60E0-4FAB-BC44-E97719C425D8}.Release|Any CPU.ActiveCfg = Release|Any CPU
		{3B4EACF8-60E0-4FAB-BC44-E97719C425D8}.Release|Any CPU.Build.0 = Release|Any CPU
		{7A58CEE8-5C4E-4D41-B33F-9639BDF441F4}.Debug|Any CPU.ActiveCfg = Debug|Any CPU
		{7A58CEE8-5C4E-4D41-B33F-9639BDF441F4}.Debug|Any CPU.Build.0 = Debug|Any CPU
		{7A58CEE8-5C4E-4D41-B33F-9639BDF441F4}.Release|Any CPU.ActiveCfg = Release|Any CPU
		{7A58CEE8-5C4E-4D41-B33F-9639BDF441F4}.Release|Any CPU.Build.0 = Release|Any CPU
		{01E932CC-E1D9-4652-89E0-D6350FF87453}.Debug|Any CPU.ActiveCfg = Debug|Any CPU
		{01E932CC-E1D9-4652-89E0-D6350FF87453}.Debug|Any CPU.Build.0 = Debug|Any CPU
		{01E932CC-E1D9-4652-89E0-D6350FF87453}.Release|Any CPU.ActiveCfg = Release|Any CPU
		{01E932CC-E1D9-4652-89E0-D6350FF87453}.Release|Any CPU.Build.0 = Release|Any CPU
		{249DD781-A219-43A9-AF44-08A90F9D214E}.Debug|Any CPU.ActiveCfg = Debug|Any CPU
		{249DD781-A219-43A9-AF44-08A90F9D214E}.Debug|Any CPU.Build.0 = Debug|Any CPU
		{249DD781-A219-43A9-AF44-08A90F9D214E}.Release|Any CPU.ActiveCfg = Release|Any CPU
		{249DD781-A219-43A9-AF44-08A90F9D214E}.Release|Any CPU.Build.0 = Release|Any CPU
		{28CB59B0-4EAB-4BFF-BECE-B3CFAEEB60D2}.Debug|Any CPU.ActiveCfg = Debug|Any CPU
		{28CB59B0-4EAB-4BFF-BECE-B3CFAEEB60D2}.Debug|Any CPU.Build.0 = Debug|Any CPU
		{28CB59B0-4EAB-4BFF-BECE-B3CFAEEB60D2}.Release|Any CPU.ActiveCfg = Release|Any CPU
		{28CB59B0-4EAB-4BFF-BECE-B3CFAEEB60D2}.Release|Any CPU.Build.0 = Release|Any CPU
		{0AE97210-DE32-4C5A-B6D4-7A87E145653F}.Debug|Any CPU.ActiveCfg = Debug|Any CPU
		{0AE97210-DE32-4C5A-B6D4-7A87E145653F}.Debug|Any CPU.Build.0 = Debug|Any CPU
		{0AE97210-DE32-4C5A-B6D4-7A87E145653F}.Release|Any CPU.ActiveCfg = Release|Any CPU
		{0AE97210-DE32-4C5A-B6D4-7A87E145653F}.Release|Any CPU.Build.0 = Release|Any CPU
		{CDB2EECB-22D3-42B4-ADB7-6CE754B23450}.Debug|Any CPU.ActiveCfg = Debug|Any CPU
		{CDB2EECB-22D3-42B4-ADB7-6CE754B23450}.Debug|Any CPU.Build.0 = Debug|Any CPU
		{CDB2EECB-22D3-42B4-ADB7-6CE754B23450}.Release|Any CPU.ActiveCfg = Release|Any CPU
		{CDB2EECB-22D3-42B4-ADB7-6CE754B23450}.Release|Any CPU.Build.0 = Release|Any CPU
		{0DA74E84-88E4-4233-AD54-BD2075FFE3C2}.Debug|Any CPU.ActiveCfg = Debug|Any CPU
		{0DA74E84-88E4-4233-AD54-BD2075FFE3C2}.Debug|Any CPU.Build.0 = Debug|Any CPU
		{0DA74E84-88E4-4233-AD54-BD2075FFE3C2}.Release|Any CPU.ActiveCfg = Release|Any CPU
		{0DA74E84-88E4-4233-AD54-BD2075FFE3C2}.Release|Any CPU.Build.0 = Release|Any CPU
		{91BFE717-3A6F-4B2B-B73D-584C91452A69}.Debug|Any CPU.ActiveCfg = Release|Any CPU
		{91BFE717-3A6F-4B2B-B73D-584C91452A69}.Debug|Any CPU.Build.0 = Release|Any CPU
		{91BFE717-3A6F-4B2B-B73D-584C91452A69}.Release|Any CPU.ActiveCfg = Release|Any CPU
		{91BFE717-3A6F-4B2B-B73D-584C91452A69}.Release|Any CPU.Build.0 = Release|Any CPU
		{B91284A3-1510-4638-9D8B-24E59CDC91EF}.Debug|Any CPU.ActiveCfg = Debug|Any CPU
		{B91284A3-1510-4638-9D8B-24E59CDC91EF}.Debug|Any CPU.Build.0 = Debug|Any CPU
		{B91284A3-1510-4638-9D8B-24E59CDC91EF}.Release|Any CPU.ActiveCfg = Release|Any CPU
		{B91284A3-1510-4638-9D8B-24E59CDC91EF}.Release|Any CPU.Build.0 = Release|Any CPU
		{19181C75-EFB8-4280-860B-A164D10342FE}.Debug|Any CPU.ActiveCfg = Debug|Any CPU
		{19181C75-EFB8-4280-860B-A164D10342FE}.Debug|Any CPU.Build.0 = Debug|Any CPU
		{19181C75-EFB8-4280-860B-A164D10342FE}.Release|Any CPU.ActiveCfg = Release|Any CPU
		{19181C75-EFB8-4280-860B-A164D10342FE}.Release|Any CPU.Build.0 = Release|Any CPU
		{DCE6AAE2-4391-42DD-838A-D4445F3F6D21}.Debug|Any CPU.ActiveCfg = Release|Any CPU
		{DCE6AAE2-4391-42DD-838A-D4445F3F6D21}.Debug|Any CPU.Build.0 = Release|Any CPU
		{DCE6AAE2-4391-42DD-838A-D4445F3F6D21}.Release|Any CPU.ActiveCfg = Release|Any CPU
		{DCE6AAE2-4391-42DD-838A-D4445F3F6D21}.Release|Any CPU.Build.0 = Release|Any CPU
		{6E052636-91AA-4DE6-8AF4-A7AFBC9EB89F}.Debug|Any CPU.ActiveCfg = Debug|Any CPU
		{6E052636-91AA-4DE6-8AF4-A7AFBC9EB89F}.Debug|Any CPU.Build.0 = Debug|Any CPU
		{6E052636-91AA-4DE6-8AF4-A7AFBC9EB89F}.Release|Any CPU.ActiveCfg = Release|Any CPU
		{6E052636-91AA-4DE6-8AF4-A7AFBC9EB89F}.Release|Any CPU.Build.0 = Release|Any CPU
		{0EC88633-84C2-4A40-A326-F80ED454571A}.Debug|Any CPU.ActiveCfg = Debug|Any CPU
		{0EC88633-84C2-4A40-A326-F80ED454571A}.Debug|Any CPU.Build.0 = Debug|Any CPU
		{0EC88633-84C2-4A40-A326-F80ED454571A}.Release|Any CPU.ActiveCfg = Release|Any CPU
		{0EC88633-84C2-4A40-A326-F80ED454571A}.Release|Any CPU.Build.0 = Release|Any CPU
		{C165C840-22C2-45AB-9DB4-3A480AC4A8B7}.Debug|Any CPU.ActiveCfg = Debug|Any CPU
		{C165C840-22C2-45AB-9DB4-3A480AC4A8B7}.Debug|Any CPU.Build.0 = Debug|Any CPU
		{C165C840-22C2-45AB-9DB4-3A480AC4A8B7}.Release|Any CPU.ActiveCfg = Release|Any CPU
		{C165C840-22C2-45AB-9DB4-3A480AC4A8B7}.Release|Any CPU.Build.0 = Release|Any CPU
		{1D72EC62-07ED-415E-8AA7-6EB4EC295D7C}.Debug|Any CPU.ActiveCfg = Debug|Any CPU
		{1D72EC62-07ED-415E-8AA7-6EB4EC295D7C}.Debug|Any CPU.Build.0 = Debug|Any CPU
		{1D72EC62-07ED-415E-8AA7-6EB4EC295D7C}.Release|Any CPU.ActiveCfg = Release|Any CPU
		{1D72EC62-07ED-415E-8AA7-6EB4EC295D7C}.Release|Any CPU.Build.0 = Release|Any CPU
		{53E52472-2BB9-4E3A-BC5F-DDBAF6DFBA4A}.Debug|Any CPU.ActiveCfg = Debug|Any CPU
		{53E52472-2BB9-4E3A-BC5F-DDBAF6DFBA4A}.Debug|Any CPU.Build.0 = Debug|Any CPU
		{53E52472-2BB9-4E3A-BC5F-DDBAF6DFBA4A}.Release|Any CPU.ActiveCfg = Release|Any CPU
		{53E52472-2BB9-4E3A-BC5F-DDBAF6DFBA4A}.Release|Any CPU.Build.0 = Release|Any CPU
		{785ABE8A-85B5-4E33-9838-0FADCBBCAEFF}.Debug|Any CPU.ActiveCfg = Debug|Any CPU
		{785ABE8A-85B5-4E33-9838-0FADCBBCAEFF}.Debug|Any CPU.Build.0 = Debug|Any CPU
		{785ABE8A-85B5-4E33-9838-0FADCBBCAEFF}.Release|Any CPU.ActiveCfg = Release|Any CPU
		{785ABE8A-85B5-4E33-9838-0FADCBBCAEFF}.Release|Any CPU.Build.0 = Release|Any CPU
	EndGlobalSection
	GlobalSection(SolutionProperties) = preSolution
		HideSolutionNode = FALSE
	EndGlobalSection
	GlobalSection(ExtensibilityGlobals) = postSolution
		SolutionGuid = {EFD1E409-BB0D-40CC-845A-230DD83571FD}
	EndGlobalSection
EndGlobal
